
Microsoft Visual Studio Solution File, Format Version 12.00
# Visual Studio 14
VisualStudioVersion = 15.0.26228.4
MinimumVisualStudioVersion = 10.0.40219.1
Project("{FAE04EC0-301F-11D3-BF4B-00C04F79EFBC}") = "OdataToEntity.Test", "..\test\OdataToEntity.Test\OdataToEntity.Test.csproj", "{5552DDD1-DAEC-4960-BC4B-01852C9F982A}"
EndProject
Project("{FAE04EC0-301F-11D3-BF4B-00C04F79EFBC}") = "OdataToEntity", "..\source\OdataToEntity\OdataToEntity.csproj", "{70ED8CE4-4FA6-418A-A5BC-8697F5CA0B03}"
EndProject
Project("{FAE04EC0-301F-11D3-BF4B-00C04F79EFBC}") = "OdataToEntity.EfCore", "..\source\OdataToEntity.EfCore\OdataToEntity.EfCore.csproj", "{94E8BF46-2821-4890-9E07-D1FA5C797C92}"
EndProject
Project("{FAE04EC0-301F-11D3-BF4B-00C04F79EFBC}") = "OdataToEntity.Ef6", "..\source\OdataToEntity.Ef6\OdataToEntity.Ef6.csproj", "{BC8C07B9-92B0-46F6-A6BB-A9D8B3B78C91}"
EndProject
Global
	GlobalSection(SolutionConfigurationPlatforms) = preSolution
		Debug|Any CPU = Debug|Any CPU
		Release|Any CPU = Release|Any CPU
	EndGlobalSection
	GlobalSection(ProjectConfigurationPlatforms) = postSolution
		{5552DDD1-DAEC-4960-BC4B-01852C9F982A}.Debug|Any CPU.ActiveCfg = Debug|Any CPU
		{5552DDD1-DAEC-4960-BC4B-01852C9F982A}.Debug|Any CPU.Build.0 = Debug|Any CPU
		{5552DDD1-DAEC-4960-BC4B-01852C9F982A}.Release|Any CPU.ActiveCfg = Release|Any CPU
		{5552DDD1-DAEC-4960-BC4B-01852C9F982A}.Release|Any CPU.Build.0 = Release|Any CPU
		{70ED8CE4-4FA6-418A-A5BC-8697F5CA0B03}.Debug|Any CPU.ActiveCfg = Debug|Any CPU
		{70ED8CE4-4FA6-418A-A5BC-8697F5CA0B03}.Debug|Any CPU.Build.0 = Debug|Any CPU
		{70ED8CE4-4FA6-418A-A5BC-8697F5CA0B03}.Release|Any CPU.ActiveCfg = Release|Any CPU
		{70ED8CE4-4FA6-418A-A5BC-8697F5CA0B03}.Release|Any CPU.Build.0 = Release|Any CPU
		{94E8BF46-2821-4890-9E07-D1FA5C797C92}.Debug|Any CPU.ActiveCfg = Debug|Any CPU
		{94E8BF46-2821-4890-9E07-D1FA5C797C92}.Debug|Any CPU.Build.0 = Debug|Any CPU
		{94E8BF46-2821-4890-9E07-D1FA5C797C92}.Release|Any CPU.ActiveCfg = Release|Any CPU
		{94E8BF46-2821-4890-9E07-D1FA5C797C92}.Release|Any CPU.Build.0 = Release|Any CPU
		{BC8C07B9-92B0-46F6-A6BB-A9D8B3B78C91}.Debug|Any CPU.ActiveCfg = Debug|Any CPU
		{BC8C07B9-92B0-46F6-A6BB-A9D8B3B78C91}.Debug|Any CPU.Build.0 = Debug|Any CPU
		{BC8C07B9-92B0-46F6-A6BB-A9D8B3B78C91}.Release|Any CPU.ActiveCfg = Release|Any CPU
		{BC8C07B9-92B0-46F6-A6BB-A9D8B3B78C91}.Release|Any CPU.Build.0 = Release|Any CPU
	EndGlobalSection
	GlobalSection(SolutionProperties) = preSolution
		HideSolutionNode = FALSE
	EndGlobalSection
EndGlobal
