
Microsoft Visual Studio Solution File, Format Version 12.00
# Visual Studio 15
VisualStudioVersion = 15.0.26228.4
MinimumVisualStudioVersion = 10.0.40219.1
Project("{FAE04EC0-301F-11D3-BF4B-00C04F79EFBC}") = "OdataToEntity.Test.Linq2Db", "..\test\OdataToEntity.Test.Linq2Db\OdataToEntity.Test.Linq2Db.csproj", "{AF1A7D47-FB41-44D9-913C-0C3774DC3D7F}"
EndProject
Project("{FAE04EC0-301F-11D3-BF4B-00C04F79EFBC}") = "OdataToEntity.Test.Linq2DbModel", "..\test\OdataToEntity.Test.Linq2DbModel\OdataToEntity.Test.Linq2DbModel.csproj", "{E8D0F21E-D98F-4B7E-9A34-86A371355B68}"
EndProject
Project("{FAE04EC0-301F-11D3-BF4B-00C04F79EFBC}") = "OdataToEntity", "..\source\OdataToEntity\OdataToEntity.csproj", "{70ED8CE4-4FA6-418A-A5BC-8697F5CA0B03}"
EndProject
Project("{FAE04EC0-301F-11D3-BF4B-00C04F79EFBC}") = "OdataToEntity.EfCore", "..\source\OdataToEntity.EfCore\OdataToEntity.EfCore.csproj", "{94E8BF46-2821-4890-9E07-D1FA5C797C92}"
EndProject
Project("{FAE04EC0-301F-11D3-BF4B-00C04F79EFBC}") = "OdataToEntity.Linq2Db", "..\source\OdataToEntity.Linq2Db\OdataToEntity.Linq2Db.csproj", "{DC34DE9E-68FB-429E-9C36-6D885204D52F}"
EndProject
Global
	GlobalSection(SolutionConfigurationPlatforms) = preSolution
		Debug|Any CPU = Debug|Any CPU
		Release|Any CPU = Release|Any CPU
	EndGlobalSection
	GlobalSection(ProjectConfigurationPlatforms) = postSolution
		{AF1A7D47-FB41-44D9-913C-0C3774DC3D7F}.Debug|Any CPU.ActiveCfg = Debug|Any CPU
		{AF1A7D47-FB41-44D9-913C-0C3774DC3D7F}.Debug|Any CPU.Build.0 = Debug|Any CPU
		{AF1A7D47-FB41-44D9-913C-0C3774DC3D7F}.Release|Any CPU.ActiveCfg = Release|Any CPU
		{AF1A7D47-FB41-44D9-913C-0C3774DC3D7F}.Release|Any CPU.Build.0 = Release|Any CPU
		{E8D0F21E-D98F-4B7E-9A34-86A371355B68}.Debug|Any CPU.ActiveCfg = Debug|Any CPU
		{E8D0F21E-D98F-4B7E-9A34-86A371355B68}.Debug|Any CPU.Build.0 = Debug|Any CPU
		{E8D0F21E-D98F-4B7E-9A34-86A371355B68}.Release|Any CPU.ActiveCfg = Release|Any CPU
		{E8D0F21E-D98F-4B7E-9A34-86A371355B68}.Release|Any CPU.Build.0 = Release|Any CPU
		{70ED8CE4-4FA6-418A-A5BC-8697F5CA0B03}.Debug|Any CPU.ActiveCfg = Debug|Any CPU
		{70ED8CE4-4FA6-418A-A5BC-8697F5CA0B03}.Debug|Any CPU.Build.0 = Debug|Any CPU
		{70ED8CE4-4FA6-418A-A5BC-8697F5CA0B03}.Release|Any CPU.ActiveCfg = Release|Any CPU
		{70ED8CE4-4FA6-418A-A5BC-8697F5CA0B03}.Release|Any CPU.Build.0 = Release|Any CPU
		{94E8BF46-2821-4890-9E07-D1FA5C797C92}.Debug|Any CPU.ActiveCfg = Debug|Any CPU
		{94E8BF46-2821-4890-9E07-D1FA5C797C92}.Debug|Any CPU.Build.0 = Debug|Any CPU
		{94E8BF46-2821-4890-9E07-D1FA5C797C92}.Release|Any CPU.ActiveCfg = Release|Any CPU
		{94E8BF46-2821-4890-9E07-D1FA5C797C92}.Release|Any CPU.Build.0 = Release|Any CPU
		{DC34DE9E-68FB-429E-9C36-6D885204D52F}.Debug|Any CPU.ActiveCfg = Debug|Any CPU
		{DC34DE9E-68FB-429E-9C36-6D885204D52F}.Debug|Any CPU.Build.0 = Debug|Any CPU
		{DC34DE9E-68FB-429E-9C36-6D885204D52F}.Release|Any CPU.ActiveCfg = Release|Any CPU
		{DC34DE9E-68FB-429E-9C36-6D885204D52F}.Release|Any CPU.Build.0 = Release|Any CPU
	EndGlobalSection
	GlobalSection(SolutionProperties) = preSolution
		HideSolutionNode = FALSE
	EndGlobalSection
EndGlobal
