
Microsoft Visual Studio Solution File, Format Version 12.00
# Visual Studio Version 16
VisualStudioVersion = 16.0.29806.167
MinimumVisualStudioVersion = 10.0.40219.1
Project("{9A19103F-16F7-4668-BE54-9A1E7A4F7556}") = "OdataToEntity", "..\source\OdataToEntity\OdataToEntity.csproj", "{70ED8CE4-4FA6-418A-A5BC-8697F5CA0B03}"
EndProject
Project("{9A19103F-16F7-4668-BE54-9A1E7A4F7556}") = "OdataToEntity.EfCore", "..\source\OdataToEntity.EfCore\OdataToEntity.EfCore.csproj", "{94E8BF46-2821-4890-9E07-D1FA5C797C92}"
EndProject
Project("{9A19103F-16F7-4668-BE54-9A1E7A4F7556}") = "OdataToEntity.Test.AspServer", "..\test\OdataToEntity.Test.Asp\OdataToEntity.Test.AspServer\OdataToEntity.Test.AspServer.csproj", "{CF1403FA-F7CF-48E2-AC0B-2557FFC0CD13}"
EndProject
Project("{9A19103F-16F7-4668-BE54-9A1E7A4F7556}") = "OdataToEntity.Test.AspClient", "..\test\OdataToEntity.Test.Asp\OdataToEntity.Test.AspClient\OdataToEntity.Test.AspClient.csproj", "{8FCD43CA-3B76-47B3-848E-791A1DD428DC}"
EndProject
Project("{9A19103F-16F7-4668-BE54-9A1E7A4F7556}") = "OdataToEntity.Test.AspMvcServer", "..\test\OdataToEntity.Test.Asp\OdataToEntity.Test.AspMvcServer\OdataToEntity.Test.AspMvcServer.csproj", "{7A9C1393-D8C8-4CBF-BEEB-0026A4FD463A}"
EndProject
Project("{9A19103F-16F7-4668-BE54-9A1E7A4F7556}") = "OdataToEntity.AspNetCore", "..\source\OdataToEntity.AspNetCore\OdataToEntity.AspNetCore.csproj", "{FDCC9F11-E9F8-48B1-9DD0-25D8930D1C20}"
EndProject
Global
	GlobalSection(SolutionConfigurationPlatforms) = preSolution
		Debug|Any CPU = Debug|Any CPU
		Release|Any CPU = Release|Any CPU
	EndGlobalSection
	GlobalSection(ProjectConfigurationPlatforms) = postSolution
		{70ED8CE4-4FA6-418A-A5BC-8697F5CA0B03}.Debug|Any CPU.ActiveCfg = Debug|Any CPU
		{70ED8CE4-4FA6-418A-A5BC-8697F5CA0B03}.Debug|Any CPU.Build.0 = Debug|Any CPU
		{70ED8CE4-4FA6-418A-A5BC-8697F5CA0B03}.Release|Any CPU.ActiveCfg = Release|Any CPU
		{70ED8CE4-4FA6-418A-A5BC-8697F5CA0B03}.Release|Any CPU.Build.0 = Release|Any CPU
		{94E8BF46-2821-4890-9E07-D1FA5C797C92}.Debug|Any CPU.ActiveCfg = Debug|Any CPU
		{94E8BF46-2821-4890-9E07-D1FA5C797C92}.Debug|Any CPU.Build.0 = Debug|Any CPU
		{94E8BF46-2821-4890-9E07-D1FA5C797C92}.Release|Any CPU.ActiveCfg = Release|Any CPU
		{94E8BF46-2821-4890-9E07-D1FA5C797C92}.Release|Any CPU.Build.0 = Release|Any CPU
		{CF1403FA-F7CF-48E2-AC0B-2557FFC0CD13}.Debug|Any CPU.ActiveCfg = Debug|Any CPU
		{CF1403FA-F7CF-48E2-AC0B-2557FFC0CD13}.Debug|Any CPU.Build.0 = Debug|Any CPU
		{CF1403FA-F7CF-48E2-AC0B-2557FFC0CD13}.Release|Any CPU.ActiveCfg = Release|Any CPU
		{CF1403FA-F7CF-48E2-AC0B-2557FFC0CD13}.Release|Any CPU.Build.0 = Release|Any CPU
		{8FCD43CA-3B76-47B3-848E-791A1DD428DC}.Debug|Any CPU.ActiveCfg = Debug|Any CPU
		{8FCD43CA-3B76-47B3-848E-791A1DD428DC}.Debug|Any CPU.Build.0 = Debug|Any CPU
		{8FCD43CA-3B76-47B3-848E-791A1DD428DC}.Release|Any CPU.ActiveCfg = Release|Any CPU
		{8FCD43CA-3B76-47B3-848E-791A1DD428DC}.Release|Any CPU.Build.0 = Release|Any CPU
		{7A9C1393-D8C8-4CBF-BEEB-0026A4FD463A}.Debug|Any CPU.ActiveCfg = Debug|Any CPU
		{7A9C1393-D8C8-4CBF-BEEB-0026A4FD463A}.Debug|Any CPU.Build.0 = Debug|Any CPU
		{7A9C1393-D8C8-4CBF-BEEB-0026A4FD463A}.Release|Any CPU.ActiveCfg = Release|Any CPU
		{7A9C1393-D8C8-4CBF-BEEB-0026A4FD463A}.Release|Any CPU.Build.0 = Release|Any CPU
		{FDCC9F11-E9F8-48B1-9DD0-25D8930D1C20}.Debug|Any CPU.ActiveCfg = Debug|Any CPU
		{FDCC9F11-E9F8-48B1-9DD0-25D8930D1C20}.Debug|Any CPU.Build.0 = Debug|Any CPU
		{FDCC9F11-E9F8-48B1-9DD0-25D8930D1C20}.Release|Any CPU.ActiveCfg = Release|Any CPU
		{FDCC9F11-E9F8-48B1-9DD0-25D8930D1C20}.Release|Any CPU.Build.0 = Release|Any CPU
	EndGlobalSection
	GlobalSection(SolutionProperties) = preSolution
		HideSolutionNode = FALSE
	EndGlobalSection
	GlobalSection(ExtensibilityGlobals) = postSolution
		SolutionGuid = {C570F248-A0DA-4932-B242-3ADF9F73D9B5}
	EndGlobalSection
EndGlobal
