
Microsoft Visual Studio Solution File, Format Version 12.00
# Visual Studio Version 16
VisualStudioVersion = 16.0.30907.101
MinimumVisualStudioVersion = 10.0.40219.1
Project("{9A19103F-16F7-4668-BE54-9A1E7A4F7556}") = "OdataToEntity.Test.InMemory", "..\test\OdataToEntity.Test.InMemory\OdataToEntity.Test.InMemory.csproj", "{BF0FAA07-1DA7-4CFC-9865-61CD21478E7F}"
EndProject
Project("{9A19103F-16F7-4668-BE54-9A1E7A4F7556}") = "OdataToEntity", "..\source\OdataToEntity\OdataToEntity.csproj", "{9F27CEAC-3CBC-462C-BBDB-877F52668C37}"
EndProject
Project("{9A19103F-16F7-4668-BE54-9A1E7A4F7556}") = "OdataToEntity.EfCore", "..\source\OdataToEntity.EfCore\OdataToEntity.EfCore.csproj", "{23CAD1DD-8025-4CB5-BB0D-EA21D9F19C42}"
EndProject
Global
	GlobalSection(SolutionConfigurationPlatforms) = preSolution
		Debug|Any CPU = Debug|Any CPU
		Release|Any CPU = Release|Any CPU
	EndGlobalSection
	GlobalSection(ProjectConfigurationPlatforms) = postSolution
		{BF0FAA07-1DA7-4CFC-9865-61CD21478E7F}.Debug|Any CPU.ActiveCfg = Debug|Any CPU
		{BF0FAA07-1DA7-4CFC-9865-61CD21478E7F}.Debug|Any CPU.Build.0 = Debug|Any CPU
		{BF0FAA07-1DA7-4CFC-9865-61CD21478E7F}.Release|Any CPU.ActiveCfg = Release|Any CPU
		{BF0FAA07-1DA7-4CFC-9865-61CD21478E7F}.Release|Any CPU.Build.0 = Release|Any CPU
		{9F27CEAC-3CBC-462C-BBDB-877F52668C37}.Debug|Any CPU.ActiveCfg = Debug|Any CPU
		{9F27CEAC-3CBC-462C-BBDB-877F52668C37}.Debug|Any CPU.Build.0 = Debug|Any CPU
		{9F27CEAC-3CBC-462C-BBDB-877F52668C37}.Release|Any CPU.ActiveCfg = Release|Any CPU
		{9F27CEAC-3CBC-462C-BBDB-877F52668C37}.Release|Any CPU.Build.0 = Release|Any CPU
		{23CAD1DD-8025-4CB5-BB0D-EA21D9F19C42}.Debug|Any CPU.ActiveCfg = Debug|Any CPU
		{23CAD1DD-8025-4CB5-BB0D-EA21D9F19C42}.Debug|Any CPU.Build.0 = Debug|Any CPU
		{23CAD1DD-8025-4CB5-BB0D-EA21D9F19C42}.Release|Any CPU.ActiveCfg = Release|Any CPU
		{23CAD1DD-8025-4CB5-BB0D-EA21D9F19C42}.Release|Any CPU.Build.0 = Release|Any CPU
	EndGlobalSection
	GlobalSection(SolutionProperties) = preSolution
		HideSolutionNode = FALSE
	EndGlobalSection
	GlobalSection(ExtensibilityGlobals) = postSolution
		SolutionGuid = {53232889-3289-4315-A459-AE597E6910F2}
	EndGlobalSection
EndGlobal
