
Microsoft Visual Studio Solution File, Format Version 12.00
# Visual Studio Version 16
VisualStudioVersion = 16.0.29123.89
MinimumVisualStudioVersion = 10.0.40219.1
Project("{9A19103F-16F7-4668-BE54-9A1E7A4F7556}") = "OdataToEntity", "..\source\OdataToEntity\OdataToEntity.csproj", "{70ED8CE4-4FA6-418A-A5BC-8697F5CA0B03}"
EndProject
Project("{9A19103F-16F7-4668-BE54-9A1E7A4F7556}") = "OdataToEntity.Ef6", "..\source\OdataToEntity.Ef6\OdataToEntity.Ef6.csproj", "{BC8C07B9-92B0-46F6-A6BB-A9D8B3B78C91}"
EndProject
Project("{9A19103F-16F7-4668-BE54-9A1E7A4F7556}") = "OdataToEntity.EfCore", "..\source\OdataToEntity.EfCore\OdataToEntity.EfCore.csproj", "{94E8BF46-2821-4890-9E07-D1FA5C797C92}"
EndProject
Project("{9A19103F-16F7-4668-BE54-9A1E7A4F7556}") = "OdataToEntity.Linq2Db", "..\source\OdataToEntity.Linq2Db\OdataToEntity.Linq2Db.csproj", "{54D80D16-BE53-4442-99C8-BA3A8C98A2D1}"
EndProject
Global
	GlobalSection(SolutionConfigurationPlatforms) = preSolution
		Debug|Any CPU = Debug|Any CPU
		Release|Any CPU = Release|Any CPU
	EndGlobalSection
	GlobalSection(ProjectConfigurationPlatforms) = postSolution
		{70ED8CE4-4FA6-418A-A5BC-8697F5CA0B03}.Debug|Any CPU.ActiveCfg = Debug|Any CPU
		{70ED8CE4-4FA6-418A-A5BC-8697F5CA0B03}.Debug|Any CPU.Build.0 = Debug|Any CPU
		{70ED8CE4-4FA6-418A-A5BC-8697F5CA0B03}.Release|Any CPU.ActiveCfg = Release|Any CPU
		{70ED8CE4-4FA6-418A-A5BC-8697F5CA0B03}.Release|Any CPU.Build.0 = Release|Any CPU
		{BC8C07B9-92B0-46F6-A6BB-A9D8B3B78C91}.Debug|Any CPU.ActiveCfg = Debug|Any CPU
		{BC8C07B9-92B0-46F6-A6BB-A9D8B3B78C91}.Debug|Any CPU.Build.0 = Debug|Any CPU
		{BC8C07B9-92B0-46F6-A6BB-A9D8B3B78C91}.Release|Any CPU.ActiveCfg = Release|Any CPU
		{BC8C07B9-92B0-46F6-A6BB-A9D8B3B78C91}.Release|Any CPU.Build.0 = Release|Any CPU
		{94E8BF46-2821-4890-9E07-D1FA5C797C92}.Debug|Any CPU.ActiveCfg = Debug|Any CPU
		{94E8BF46-2821-4890-9E07-D1FA5C797C92}.Debug|Any CPU.Build.0 = Debug|Any CPU
		{94E8BF46-2821-4890-9E07-D1FA5C797C92}.Release|Any CPU.ActiveCfg = Release|Any CPU
		{94E8BF46-2821-4890-9E07-D1FA5C797C92}.Release|Any CPU.Build.0 = Release|Any CPU
		{54D80D16-BE53-4442-99C8-BA3A8C98A2D1}.Debug|Any CPU.ActiveCfg = Debug|Any CPU
		{54D80D16-BE53-4442-99C8-BA3A8C98A2D1}.Debug|Any CPU.Build.0 = Debug|Any CPU
		{54D80D16-BE53-4442-99C8-BA3A8C98A2D1}.Release|Any CPU.ActiveCfg = Release|Any CPU
		{54D80D16-BE53-4442-99C8-BA3A8C98A2D1}.Release|Any CPU.Build.0 = Release|Any CPU
	EndGlobalSection
	GlobalSection(SolutionProperties) = preSolution
		HideSolutionNode = FALSE
	EndGlobalSection
	GlobalSection(ExtensibilityGlobals) = postSolution
		SolutionGuid = {DF606C63-D51D-4221-9322-0848DA6687CE}
	EndGlobalSection
EndGlobal
