
Microsoft Visual Studio Solution File, Format Version 12.00
# Visual Studio 14
VisualStudioVersion = 14.0.25420.1
MinimumVisualStudioVersion = 10.0.40219.1
Project("{8BB2217D-0F2D-49D1-97BC-3654ED321F3B}") = "OdataToEntity.Test", "..\test\OdataToEntity.Test\OdataToEntity.Test.xproj", "{954CFE04-F057-4365-A857-5FAB427ED086}"
EndProject
Project("{8BB2217D-0F2D-49D1-97BC-3654ED321F3B}") = "OdataToEntity", "..\source\OdataToEntity\OdataToEntity.xproj", "{0D0552BC-964E-4CE1-B66A-EF9BD9B76C31}"
EndProject
Project("{8BB2217D-0F2D-49D1-97BC-3654ED321F3B}") = "OdataToEntity.EfCore", "..\source\OdataToEntity.EfCore\OdataToEntity.EfCore.xproj", "{FB5E72CB-B5B7-4C16-BE6B-D376ADB492D6}"
EndProject
Project("{2150E333-8FDC-42A3-9474-1A3956D46DE8}") = "Solution Items", "Solution Items", "{DBB7A283-3C7E-4CC5-8F9C-E1F2BF1F7E8C}"
	ProjectSection(SolutionItems) = preProject
		..\test\global.json = ..\test\global.json
	EndProjectSection
EndProject
Global
	GlobalSection(SolutionConfigurationPlatforms) = preSolution
		Debug|Any CPU = Debug|Any CPU
		Release|Any CPU = Release|Any CPU
	EndGlobalSection
	GlobalSection(ProjectConfigurationPlatforms) = postSolution
		{954CFE04-F057-4365-A857-5FAB427ED086}.Debug|Any CPU.ActiveCfg = Debug|Any CPU
		{954CFE04-F057-4365-A857-5FAB427ED086}.Debug|Any CPU.Build.0 = Debug|Any CPU
		{954CFE04-F057-4365-A857-5FAB427ED086}.Release|Any CPU.ActiveCfg = Release|Any CPU
		{954CFE04-F057-4365-A857-5FAB427ED086}.Release|Any CPU.Build.0 = Release|Any CPU
		{0D0552BC-964E-4CE1-B66A-EF9BD9B76C31}.Debug|Any CPU.ActiveCfg = Debug|Any CPU
		{0D0552BC-964E-4CE1-B66A-EF9BD9B76C31}.Debug|Any CPU.Build.0 = Debug|Any CPU
		{0D0552BC-964E-4CE1-B66A-EF9BD9B76C31}.Release|Any CPU.ActiveCfg = Release|Any CPU
		{0D0552BC-964E-4CE1-B66A-EF9BD9B76C31}.Release|Any CPU.Build.0 = Release|Any CPU
		{FB5E72CB-B5B7-4C16-BE6B-D376ADB492D6}.Debug|Any CPU.ActiveCfg = Debug|Any CPU
		{FB5E72CB-B5B7-4C16-BE6B-D376ADB492D6}.Debug|Any CPU.Build.0 = Debug|Any CPU
		{FB5E72CB-B5B7-4C16-BE6B-D376ADB492D6}.Release|Any CPU.ActiveCfg = Release|Any CPU
		{FB5E72CB-B5B7-4C16-BE6B-D376ADB492D6}.Release|Any CPU.Build.0 = Release|Any CPU
	EndGlobalSection
	GlobalSection(SolutionProperties) = preSolution
		HideSolutionNode = FALSE
	EndGlobalSection
EndGlobal
